
Microsoft Visual Studio Solution File, Format Version 12.00
# Visual Studio 15
Project("{FAE04EC0-301F-11D3-BF4B-00C04F79EFBC}") = "Assembly-CSharp-firstpass", "Assembly-CSharp-firstpass.csproj", "{A076BA8F-4234-AB25-2C0A-440C9D19FE34}"
EndProject
Project("{FAE04EC0-301F-11D3-BF4B-00C04F79EFBC}") = "Assembly-CSharp", "Assembly-CSharp.csproj", "{6412D743-7300-E6BE-078F-3B337B517352}"
EndProject
Project("{FAE04EC0-301F-11D3-BF4B-00C04F79EFBC}") = "Assembly-CSharp-Editor-firstpass", "Assembly-CSharp-Editor-firstpass.csproj", "{9CA4B551-663D-A730-F96E-AD4379CEA849}"
EndProject
Global
	GlobalSection(SolutionConfigurationPlatforms) = preSolution
		Debug|Any CPU = Debug|Any CPU
		Release|Any CPU = Release|Any CPU
	EndGlobalSection
	GlobalSection(ProjectConfigurationPlatforms) = postSolution
		{A076BA8F-4234-AB25-2C0A-440C9D19FE34}.Debug|Any CPU.ActiveCfg = Debug|Any CPU
		{A076BA8F-4234-AB25-2C0A-440C9D19FE34}.Debug|Any CPU.Build.0 = Debug|Any CPU
		{A076BA8F-4234-AB25-2C0A-440C9D19FE34}.Release|Any CPU.ActiveCfg = Release|Any CPU
		{A076BA8F-4234-AB25-2C0A-440C9D19FE34}.Release|Any CPU.Build.0 = Release|Any CPU
		{6412D743-7300-E6BE-078F-3B337B517352}.Debug|Any CPU.ActiveCfg = Debug|Any CPU
		{6412D743-7300-E6BE-078F-3B337B517352}.Debug|Any CPU.Build.0 = Debug|Any CPU
		{6412D743-7300-E6BE-078F-3B337B517352}.Release|Any CPU.ActiveCfg = Release|Any CPU
		{6412D743-7300-E6BE-078F-3B337B517352}.Release|Any CPU.Build.0 = Release|Any CPU
		{9CA4B551-663D-A730-F96E-AD4379CEA849}.Debug|Any CPU.ActiveCfg = Debug|Any CPU
		{9CA4B551-663D-A730-F96E-AD4379CEA849}.Debug|Any CPU.Build.0 = Debug|Any CPU
		{9CA4B551-663D-A730-F96E-AD4379CEA849}.Release|Any CPU.ActiveCfg = Release|Any CPU
		{9CA4B551-663D-A730-F96E-AD4379CEA849}.Release|Any CPU.Build.0 = Release|Any CPU
	EndGlobalSection
	GlobalSection(SolutionProperties) = preSolution
		HideSolutionNode = FALSE
	EndGlobalSection
EndGlobal
