
Microsoft Visual Studio Solution File, Format Version 12.00
# Visual Studio 15
Project("{FAE04EC0-301F-11D3-BF4B-00C04F79EFBC}") = "Assembly-CSharp", "Assembly-CSharp.csproj", "{6412D743-7300-E6BE-078F-3B337B517352}"
EndProject
Global
	GlobalSection(SolutionConfigurationPlatforms) = preSolution
		Debug|Any CPU = Debug|Any CPU
		Release|Any CPU = Release|Any CPU
	EndGlobalSection
	GlobalSection(ProjectConfigurationPlatforms) = postSolution
		{6412D743-7300-E6BE-078F-3B337B517352}.Debug|Any CPU.ActiveCfg = Debug|Any CPU
		{6412D743-7300-E6BE-078F-3B337B517352}.Debug|Any CPU.Build.0 = Debug|Any CPU
		{6412D743-7300-E6BE-078F-3B337B517352}.Release|Any CPU.ActiveCfg = Release|Any CPU
		{6412D743-7300-E6BE-078F-3B337B517352}.Release|Any CPU.Build.0 = Release|Any CPU
	EndGlobalSection
	GlobalSection(SolutionProperties) = preSolution
		HideSolutionNode = FALSE
	EndGlobalSection
EndGlobal
